
Microsoft Visual Studio Solution File, Format Version 12.00
# Visual Studio Version 16
VisualStudioVersion = 16.0.29230.47
MinimumVisualStudioVersion = 10.0.40219.1
Project("{FAE04EC0-301F-11D3-BF4B-00C04F79EFBC}") = "Fibonacci", "Fibonacci\Fibonacci.csproj", "{D1F9C234-560B-4F60-BE96-5F5091F3F1E0}"
EndProject
Global
	GlobalSection(SolutionConfigurationPlatforms) = preSolution
		Debug|Any CPU = Debug|Any CPU
		Release|Any CPU = Release|Any CPU
	EndGlobalSection
	GlobalSection(ProjectConfigurationPlatforms) = postSolution
		{D1F9C234-560B-4F60-BE96-5F5091F3F1E0}.Debug|Any CPU.ActiveCfg = Debug|Any CPU
		{D1F9C234-560B-4F60-BE96-5F5091F3F1E0}.Debug|Any CPU.Build.0 = Debug|Any CPU
		{D1F9C234-560B-4F60-BE96-5F5091F3F1E0}.Release|Any CPU.ActiveCfg = Release|Any CPU
		{D1F9C234-560B-4F60-BE96-5F5091F3F1E0}.Release|Any CPU.Build.0 = Release|Any CPU
	EndGlobalSection
	GlobalSection(SolutionProperties) = preSolution
		HideSolutionNode = FALSE
	EndGlobalSection
	GlobalSection(ExtensibilityGlobals) = postSolution
		SolutionGuid = {1010ADE8-0703-4807-BD93-AA223C25A204}
	EndGlobalSection
EndGlobal
