
Microsoft Visual Studio Solution File, Format Version 12.00
# Visual Studio Version 16
VisualStudioVersion = 16.0.29230.47
MinimumVisualStudioVersion = 10.0.40219.1
Project("{FAE04EC0-301F-11D3-BF4B-00C04F79EFBC}") = "CodingTask", "CodingTask\CodingTask.csproj", "{2FBE707E-53BC-47CA-9340-89A43EF95BF1}"
EndProject
Global
	GlobalSection(SolutionConfigurationPlatforms) = preSolution
		Debug|Any CPU = Debug|Any CPU
		Release|Any CPU = Release|Any CPU
	EndGlobalSection
	GlobalSection(ProjectConfigurationPlatforms) = postSolution
		{2FBE707E-53BC-47CA-9340-89A43EF95BF1}.Debug|Any CPU.ActiveCfg = Debug|Any CPU
		{2FBE707E-53BC-47CA-9340-89A43EF95BF1}.Debug|Any CPU.Build.0 = Debug|Any CPU
		{2FBE707E-53BC-47CA-9340-89A43EF95BF1}.Release|Any CPU.ActiveCfg = Release|Any CPU
		{2FBE707E-53BC-47CA-9340-89A43EF95BF1}.Release|Any CPU.Build.0 = Release|Any CPU
	EndGlobalSection
	GlobalSection(SolutionProperties) = preSolution
		HideSolutionNode = FALSE
	EndGlobalSection
	GlobalSection(ExtensibilityGlobals) = postSolution
		SolutionGuid = {0C5A03AE-EA79-4BA6-8B6A-9833037F7405}
	EndGlobalSection
EndGlobal
